<?xml version="1.0" encoding="utf-8"?>
<Project ToolsVersion="4.0" xmlns="http://schemas.microsoft.com/developer/msbuild/2003">
  <ItemGroup>
    <ClCompile Include="bones\main.cpp" />
    <ClCompile Include="bones\script_parser.cpp">
      <Filter>lua</Filter>
    </ClCompile>
    <ClCompile Include="bones\lua_check.cpp">
      <Filter>lua</Filter>
    </ClCompile>
    <ClCompile Include="bones\lua_context.cpp">
      <Filter>lua</Filter>
    </ClCompile>
    <ClCompile Include="bones\lua_area.cpp">
      <Filter>lua\proxy</Filter>
    </ClCompile>
    <ClCompile Include="bones\lua_event.cpp">
      <Filter>lua\proxy</Filter>
    </ClCompile>
    <ClCompile Include="bones\lua_meta_table.cpp">
      <Filter>lua\proxy</Filter>
    </ClCompile>
    <ClCompile Include="bones\lua_text.cpp">
      <Filter>lua\proxy</Filter>
    </ClCompile>
    <ClCompile Include="bones\lua_shape.cpp">
      <Filter>lua\proxy</Filter>
    </ClCompile>
    <ClCompile Include="bones\lua_panel.cpp">
      <Filter>lua\proxy</Filter>
    </ClCompile>
    <ClCompile Include="bones\lua_image.cpp">
      <Filter>lua\proxy</Filter>
    </ClCompile>
    <ClCompile Include="bones\lua_rich_edit.cpp">
      <Filter>lua\proxy</Filter>
    </ClCompile>
    <ClCompile Include="bones\bones.cpp" />
    <ClCompile Include="bones\lua_root.cpp">
      <Filter>lua\proxy</Filter>
    </ClCompile>
    <ClCompile Include="bones\picture.cpp" />
  </ItemGroup>
  <ItemGroup>
    <ClInclude Include="bones\bones.h" />
    <ClInclude Include="bones\script_parser.h">
      <Filter>lua</Filter>
    </ClInclude>
    <ClInclude Include="bones\lua_check.h">
      <Filter>lua</Filter>
    </ClInclude>
    <ClInclude Include="bones\lua_context.h">
      <Filter>lua</Filter>
    </ClInclude>
    <ClInclude Include="bones\lua_area.h">
      <Filter>lua\proxy</Filter>
    </ClInclude>
    <ClInclude Include="bones\lua_event.h">
      <Filter>lua\proxy</Filter>
    </ClInclude>
    <ClInclude Include="bones\lua_meta_table.h">
      <Filter>lua\proxy</Filter>
    </ClInclude>
    <ClInclude Include="bones\lua_text.h">
      <Filter>lua\proxy</Filter>
    </ClInclude>
    <ClInclude Include="bones\lua_shape.h">
      <Filter>lua\proxy</Filter>
    </ClInclude>
    <ClInclude Include="bones\lua_panel.h">
      <Filter>lua\proxy</Filter>
    </ClInclude>
    <ClInclude Include="bones\lua_image.h">
      <Filter>lua\proxy</Filter>
    </ClInclude>
    <ClInclude Include="bones\lua_rich_edit.h">
      <Filter>lua\proxy</Filter>
    </ClInclude>
    <ClInclude Include="bones\lua_root.h">
      <Filter>lua\proxy</Filter>
    </ClInclude>
    <ClInclude Include="bones\lua_object.h">
      <Filter>lua\proxy</Filter>
    </ClInclude>
    <ClInclude Include="bones\bones_internal.h" />
    <ClInclude Include="bones\picture.h" />
  </ItemGroup>
  <ItemGroup>
    <Filter Include="lua">
      <UniqueIdentifier>{e345b7ae-52c6-43d4-a53d-97a5cf3ccba1}</UniqueIdentifier>
    </Filter>
    <Filter Include="lua\proxy">
      <UniqueIdentifier>{7494eebf-848d-422a-9f5e-97b0867e2157}</UniqueIdentifier>
    </Filter>
  </ItemGroup>
</Project>