<?xml version="1.0" encoding="utf-8"?>
<Project ToolsVersion="4.0" xmlns="http://schemas.microsoft.com/developer/msbuild/2003">
  <ItemGroup>
    <Filter Include="base">
      <UniqueIdentifier>{812f5ca3-435a-4732-92d8-8489f5bdde58}</UniqueIdentifier>
    </Filter>
    <Filter Include="bone">
      <UniqueIdentifier>{239a6fa3-bfc1-4fce-9878-5fb581b30a7c}</UniqueIdentifier>
    </Filter>
    <Filter Include="bone\facade">
      <UniqueIdentifier>{40e24cfd-a1ae-489d-b1d1-f530f6dcae8e}</UniqueIdentifier>
    </Filter>
    <Filter Include="bone\win32">
      <UniqueIdentifier>{14aff335-91f1-4ee3-999d-ccc7fdcbec74}</UniqueIdentifier>
    </Filter>
    <Filter Include="bone\naked">
      <UniqueIdentifier>{501ad653-d803-4635-846f-2cbfcd09b305}</UniqueIdentifier>
    </Filter>
    <Filter Include="base\css">
      <UniqueIdentifier>{cbc5a894-54bc-4bb0-9114-e7781eed0b89}</UniqueIdentifier>
    </Filter>
    <Filter Include="3rd_ext">
      <UniqueIdentifier>{85f0aaac-1f11-4915-917e-c71f43ca79a8}</UniqueIdentifier>
    </Filter>
    <Filter Include="3rd_ext\skia_ext">
      <UniqueIdentifier>{3aad015b-d18d-4f03-b9eb-b05eb7b1370c}</UniqueIdentifier>
    </Filter>
    <Filter Include="3rd_ext\xml_ext">
      <UniqueIdentifier>{edfc7129-6f37-422b-ae35-fa990e346188}</UniqueIdentifier>
    </Filter>
    <Filter Include="base\xml">
      <UniqueIdentifier>{d4b9aa30-47a9-4c8f-8702-b65b6791730c}</UniqueIdentifier>
    </Filter>
  </ItemGroup>
  <ItemGroup>
    <ClCompile Include="bones\core\accelerator.cpp">
      <Filter>base</Filter>
    </ClCompile>
    <ClCompile Include="bones\core\accelerator_manager.cpp">
      <Filter>base</Filter>
    </ClCompile>
    <ClCompile Include="bones\core\event.cpp">
      <Filter>base</Filter>
    </ClCompile>
    <ClCompile Include="bones\core\event_dispatcher.cpp">
      <Filter>base</Filter>
    </ClCompile>
    <ClCompile Include="bones\core\focus_controller.cpp">
      <Filter>base</Filter>
    </ClCompile>
    <ClCompile Include="bones\core\helper.cpp">
      <Filter>base</Filter>
    </ClCompile>
    <ClCompile Include="bones\core\mouse_controller.cpp">
      <Filter>base</Filter>
    </ClCompile>
    <ClCompile Include="bones\core\point.cpp">
      <Filter>base</Filter>
    </ClCompile>
    <ClCompile Include="bones\core\rect.cpp">
      <Filter>base</Filter>
    </ClCompile>
    <ClCompile Include="bones\core\ref.cpp">
      <Filter>base</Filter>
    </ClCompile>
    <ClCompile Include="bones\core\root_view.cpp">
      <Filter>base</Filter>
    </ClCompile>
    <ClCompile Include="bones\core\size.cpp">
      <Filter>base</Filter>
    </ClCompile>
    <ClCompile Include="bones\core\view.cpp">
      <Filter>base</Filter>
    </ClCompile>
    <ClCompile Include="bones\core\core.cpp" />
    <ClCompile Include="bones\core\xml_controller.cpp">
      <Filter>base\xml</Filter>
    </ClCompile>
    <ClCompile Include="bones\core\encoding.cpp">
      <Filter>base</Filter>
    </ClCompile>
    <ClCompile Include="bones\core\logging.cpp">
      <Filter>base</Filter>
    </ClCompile>
    <ClCompile Include="bones\core\text.cpp">
      <Filter>bone\facade</Filter>
    </ClCompile>
    <ClCompile Include="bones\core\shape.cpp">
      <Filter>bone\facade</Filter>
    </ClCompile>
    <ClCompile Include="bones\core\area.cpp">
      <Filter>bone\naked</Filter>
    </ClCompile>
    <ClCompile Include="bones\core\widget.cpp">
      <Filter>bone\win32</Filter>
    </ClCompile>
    <ClCompile Include="bones\core\panel.cpp">
      <Filter>bone\win32</Filter>
    </ClCompile>
    <ClCompile Include="bones\core\animation_manager.cpp">
      <Filter>base</Filter>
    </ClCompile>
    <ClCompile Include="bones\core\animation.cpp">
      <Filter>base</Filter>
    </ClCompile>
    <ClCompile Include="bones\core\image.cpp">
      <Filter>bone\facade</Filter>
    </ClCompile>
    <ClCompile Include="bones\core\pixmap.cpp">
      <Filter>3rd_ext\skia_ext</Filter>
    </ClCompile>
    <ClCompile Include="bones\core\shader.cpp">
      <Filter>3rd_ext\skia_ext</Filter>
    </ClCompile>
    <ClCompile Include="bones\core\panel_manager.cpp">
      <Filter>bone\win32</Filter>
    </ClCompile>
    <ClCompile Include="bones\core\rich_edit.cpp">
      <Filter>bone\naked</Filter>
    </ClCompile>
    <ClCompile Include="bones\core\device.cpp">
      <Filter>3rd_ext\skia_ext</Filter>
    </ClCompile>
    <ClCompile Include="bones\core\css_manager.cpp">
      <Filter>base\css</Filter>
    </ClCompile>
    <ClCompile Include="bones\core\class_descriptor.hpp">
      <Filter>base\css</Filter>
    </ClCompile>
    <ClCompile Include="bones\core\xml.cpp">
      <Filter>3rd_ext\xml_ext</Filter>
    </ClCompile>
  </ItemGroup>
  <ItemGroup>
    <ClInclude Include="bones\core\accelerator.h">
      <Filter>base</Filter>
    </ClInclude>
    <ClInclude Include="bones\core\accelerator_manager.h">
      <Filter>base</Filter>
    </ClInclude>
    <ClInclude Include="bones\core\color.h">
      <Filter>base</Filter>
    </ClInclude>
    <ClInclude Include="bones\core\event.h">
      <Filter>base</Filter>
    </ClInclude>
    <ClInclude Include="bones\core\event_dispatcher.h">
      <Filter>base</Filter>
    </ClInclude>
    <ClInclude Include="bones\core\focus_controller.h">
      <Filter>base</Filter>
    </ClInclude>
    <ClInclude Include="bones\core\helper.h">
      <Filter>base</Filter>
    </ClInclude>
    <ClInclude Include="bones\core\keyboard_codes.h">
      <Filter>base</Filter>
    </ClInclude>
    <ClInclude Include="bones\core\mouse_controller.h">
      <Filter>base</Filter>
    </ClInclude>
    <ClInclude Include="bones\core\point.h">
      <Filter>base</Filter>
    </ClInclude>
    <ClInclude Include="bones\core\rect.h">
      <Filter>base</Filter>
    </ClInclude>
    <ClInclude Include="bones\core\ref.h">
      <Filter>base</Filter>
    </ClInclude>
    <ClInclude Include="bones\core\root_view.h">
      <Filter>base</Filter>
    </ClInclude>
    <ClInclude Include="bones\core\size.h">
      <Filter>base</Filter>
    </ClInclude>
    <ClInclude Include="bones\core\view.h">
      <Filter>base</Filter>
    </ClInclude>
    <ClInclude Include="bones\core\core.h" />
    <ClInclude Include="bones\core\xml_controller.h">
      <Filter>base\xml</Filter>
    </ClInclude>
    <ClInclude Include="bones\core\encoding.h">
      <Filter>base</Filter>
    </ClInclude>
    <ClInclude Include="bones\core\logging.h">
      <Filter>base</Filter>
    </ClInclude>
    <ClInclude Include="bones\core\text.h">
      <Filter>bone\facade</Filter>
    </ClInclude>
    <ClInclude Include="bones\core\shape.h">
      <Filter>bone\facade</Filter>
    </ClInclude>
    <ClInclude Include="bones\core\area.h">
      <Filter>bone\naked</Filter>
    </ClInclude>
    <ClInclude Include="bones\core\widget.h">
      <Filter>bone\win32</Filter>
    </ClInclude>
    <ClInclude Include="bones\core\panel.h">
      <Filter>bone\win32</Filter>
    </ClInclude>
    <ClInclude Include="bones\core\animation_manager.h">
      <Filter>base</Filter>
    </ClInclude>
    <ClInclude Include="bones\core\animation.h">
      <Filter>base</Filter>
    </ClInclude>
    <ClInclude Include="bones\core\image.h">
      <Filter>bone\facade</Filter>
    </ClInclude>
    <ClInclude Include="bones\core\pixmap.h">
      <Filter>3rd_ext\skia_ext</Filter>
    </ClInclude>
    <ClInclude Include="bones\core\shader.h">
      <Filter>3rd_ext\skia_ext</Filter>
    </ClInclude>
    <ClInclude Include="bones\core\panel_manager.h">
      <Filter>bone\win32</Filter>
    </ClInclude>
    <ClInclude Include="bones\core\rich_edit.h">
      <Filter>bone\naked</Filter>
    </ClInclude>
    <ClInclude Include="bones\core\device.h">
      <Filter>3rd_ext\skia_ext</Filter>
    </ClInclude>
    <ClInclude Include="bones\core\css_manager.h">
      <Filter>base\css</Filter>
    </ClInclude>
    <ClInclude Include="bones\core\css_types.h">
      <Filter>base\css</Filter>
    </ClInclude>
    <ClInclude Include="bones\core\xml.h">
      <Filter>3rd_ext\xml_ext</Filter>
    </ClInclude>
  </ItemGroup>
</Project>