<?xml version="1.0" encoding="utf-8"?>
<Project ToolsVersion="4.0" xmlns="http://schemas.microsoft.com/developer/msbuild/2003">
  <ItemGroup>
    <ClCompile Include="bones\main.cpp" />
    <ClCompile Include="bones\script_parser.cpp">
      <Filter>lua</Filter>
    </ClCompile>
    <ClCompile Include="bones\lua_context.cpp">
      <Filter>lua</Filter>
    </ClCompile>
    <ClCompile Include="bones\lua_event.cpp">
      <Filter>lua\proxy</Filter>
    </ClCompile>
    <ClCompile Include="bones\lua_text.cpp">
      <Filter>lua\proxy</Filter>
    </ClCompile>
    <ClCompile Include="bones\lua_shape.cpp">
      <Filter>lua\proxy</Filter>
    </ClCompile>
    <ClCompile Include="bones\lua_image.cpp">
      <Filter>lua\proxy</Filter>
    </ClCompile>
    <ClCompile Include="bones\lua_rich_edit.cpp">
      <Filter>lua\proxy</Filter>
    </ClCompile>
    <ClCompile Include="bones\bones.cpp" />
    <ClCompile Include="bones\lua_root.cpp">
      <Filter>lua\proxy</Filter>
    </ClCompile>
    <ClCompile Include="bones\lua_animation.cpp">
      <Filter>lua\proxy</Filter>
    </ClCompile>
    <ClCompile Include="bones\lua_web_view.cpp">
      <Filter>lua\proxy</Filter>
    </ClCompile>
    <ClCompile Include="bones\lua_scroller.cpp">
      <Filter>lua\proxy</Filter>
    </ClCompile>
    <ClCompile Include="bones\core\device.cpp">
      <Filter>core\3rd_ext\skia_ext</Filter>
    </ClCompile>
    <ClCompile Include="bones\core\pixmap.cpp">
      <Filter>core\3rd_ext\skia_ext</Filter>
    </ClCompile>
    <ClCompile Include="bones\core\xml.cpp">
      <Filter>core\3rd_ext\xml_ext</Filter>
    </ClCompile>
    <ClCompile Include="bones\core\accelerator.cpp">
      <Filter>core\base</Filter>
    </ClCompile>
    <ClCompile Include="bones\core\accelerator_manager.cpp">
      <Filter>core\base</Filter>
    </ClCompile>
    <ClCompile Include="bones\core\animation.cpp">
      <Filter>core\base</Filter>
    </ClCompile>
    <ClCompile Include="bones\core\animation_manager.cpp">
      <Filter>core\base</Filter>
    </ClCompile>
    <ClCompile Include="bones\core\font.cpp">
      <Filter>core\base</Filter>
    </ClCompile>
    <ClCompile Include="bones\core\encoding.cpp">
      <Filter>core\base</Filter>
    </ClCompile>
    <ClCompile Include="bones\core\event.cpp">
      <Filter>core\base</Filter>
    </ClCompile>
    <ClCompile Include="bones\core\event_dispatcher.cpp">
      <Filter>core\base</Filter>
    </ClCompile>
    <ClCompile Include="bones\core\focus_controller.cpp">
      <Filter>core\base</Filter>
    </ClCompile>
    <ClCompile Include="bones\core\helper.cpp">
      <Filter>core\base</Filter>
    </ClCompile>
    <ClCompile Include="bones\core\mouse_controller.cpp">
      <Filter>core\base</Filter>
    </ClCompile>
    <ClCompile Include="bones\core\point.cpp">
      <Filter>core\base</Filter>
    </ClCompile>
    <ClCompile Include="bones\core\rect.cpp">
      <Filter>core\base</Filter>
    </ClCompile>
    <ClCompile Include="bones\core\ref.cpp">
      <Filter>core\base</Filter>
    </ClCompile>
    <ClCompile Include="bones\core\root.cpp">
      <Filter>core\base</Filter>
    </ClCompile>
    <ClCompile Include="bones\core\size.cpp">
      <Filter>core\base</Filter>
    </ClCompile>
    <ClCompile Include="bones\core\view.cpp">
      <Filter>core\base</Filter>
    </ClCompile>
    <ClCompile Include="bones\core\css_utils.cpp">
      <Filter>core\base\css</Filter>
    </ClCompile>
    <ClCompile Include="bones\core\css_manager.cpp">
      <Filter>core\base\css</Filter>
    </ClCompile>
    <ClCompile Include="bones\core\xml_controller.cpp">
      <Filter>core\base\xml</Filter>
    </ClCompile>
    <ClCompile Include="bones\core\image.cpp">
      <Filter>core\bone\facade</Filter>
    </ClCompile>
    <ClCompile Include="bones\core\shape.cpp">
      <Filter>core\bone\facade</Filter>
    </ClCompile>
    <ClCompile Include="bones\core\text.cpp">
      <Filter>core\bone\facade</Filter>
    </ClCompile>
    <ClCompile Include="bones\core\rich_edit.cpp">
      <Filter>core\bone\naked</Filter>
    </ClCompile>
    <ClCompile Include="bones\core\web_view.cpp">
      <Filter>core\bone\naked</Filter>
    </ClCompile>
    <ClCompile Include="bones\core\core_imp.cpp">
      <Filter>core</Filter>
    </ClCompile>
    <ClCompile Include="bones\utils.cpp">
      <Filter>lua</Filter>
    </ClCompile>
    <ClCompile Include="bones\simple_proxy.cpp">
      <Filter>lua</Filter>
    </ClCompile>
    <ClCompile Include="bones\core\scroller.cpp">
      <Filter>core\bone\facade</Filter>
    </ClCompile>
    <ClCompile Include="bones\core\input.cpp">
      <Filter>core\bone\facade</Filter>
    </ClCompile>
    <ClCompile Include="bones\lua_input.cpp">
      <Filter>lua\proxy</Filter>
    </ClCompile>
    <ClCompile Include="bones\core\res_manager.cpp">
      <Filter>core\base</Filter>
    </ClCompile>
    <ClCompile Include="bones\core\root_manager.cpp">
      <Filter>core\base</Filter>
    </ClCompile>
    <ClCompile Include="bones\binding\script_context.cpp">
      <Filter>binding</Filter>
    </ClCompile>
    <ClCompile Include="bones\binding\lua_check.cpp">
      <Filter>binding</Filter>
    </ClCompile>
    <ClCompile Include="bones\binding\lua_utils.cpp">
      <Filter>binding</Filter>
    </ClCompile>
    <ClCompile Include="bones\helper\logging.cpp">
      <Filter>helper</Filter>
    </ClCompile>
    <ClCompile Include="bones\binding\path_proxy.cpp">
      <Filter>binding\proxy</Filter>
    </ClCompile>
    <ClCompile Include="bones\binding\shader_proxy.cpp">
      <Filter>binding\proxy</Filter>
    </ClCompile>
    <ClCompile Include="bones\binding\pixmap_proxy.cpp">
      <Filter>binding\proxy</Filter>
    </ClCompile>
    <ClCompile Include="bones\binding\resource_proxy.cpp">
      <Filter>binding\proxy</Filter>
    </ClCompile>
    <ClCompile Include="bones\binding\bitmap.cpp">
      <Filter>binding\proxy</Filter>
    </ClCompile>
  </ItemGroup>
  <ItemGroup>
    <ClInclude Include="bones\bones.h" />
    <ClInclude Include="bones\script_parser.h">
      <Filter>lua</Filter>
    </ClInclude>
    <ClInclude Include="bones\lua_context.h">
      <Filter>lua</Filter>
    </ClInclude>
    <ClInclude Include="bones\lua_event.h">
      <Filter>lua\proxy</Filter>
    </ClInclude>
    <ClInclude Include="bones\lua_text.h">
      <Filter>lua\proxy</Filter>
    </ClInclude>
    <ClInclude Include="bones\lua_shape.h">
      <Filter>lua\proxy</Filter>
    </ClInclude>
    <ClInclude Include="bones\lua_image.h">
      <Filter>lua\proxy</Filter>
    </ClInclude>
    <ClInclude Include="bones\lua_rich_edit.h">
      <Filter>lua\proxy</Filter>
    </ClInclude>
    <ClInclude Include="bones\lua_root.h">
      <Filter>lua\proxy</Filter>
    </ClInclude>
    <ClInclude Include="bones\lua_object.h">
      <Filter>lua\proxy</Filter>
    </ClInclude>
    <ClInclude Include="bones\bones_internal.h" />
    <ClInclude Include="bones\lua_animation.h">
      <Filter>lua\proxy</Filter>
    </ClInclude>
    <ClInclude Include="bones\lua_web_view.h">
      <Filter>lua\proxy</Filter>
    </ClInclude>
    <ClInclude Include="bones\lua_scroller.h">
      <Filter>lua\proxy</Filter>
    </ClInclude>
    <ClInclude Include="bones\lua_handler.h">
      <Filter>lua\proxy</Filter>
    </ClInclude>
    <ClInclude Include="bones\core\device.h">
      <Filter>core\3rd_ext\skia_ext</Filter>
    </ClInclude>
    <ClInclude Include="bones\core\pixmap.h">
      <Filter>core\3rd_ext\skia_ext</Filter>
    </ClInclude>
    <ClInclude Include="bones\core\xml.h">
      <Filter>core\3rd_ext\xml_ext</Filter>
    </ClInclude>
    <ClInclude Include="bones\core\accelerator.h">
      <Filter>core\base</Filter>
    </ClInclude>
    <ClInclude Include="bones\core\accelerator_manager.h">
      <Filter>core\base</Filter>
    </ClInclude>
    <ClInclude Include="bones\core\animation.h">
      <Filter>core\base</Filter>
    </ClInclude>
    <ClInclude Include="bones\core\animation_manager.h">
      <Filter>core\base</Filter>
    </ClInclude>
    <ClInclude Include="bones\core\area.h">
      <Filter>core\base</Filter>
    </ClInclude>
    <ClInclude Include="bones\core\font.h">
      <Filter>core\base</Filter>
    </ClInclude>
    <ClInclude Include="bones\core\color.h">
      <Filter>core\base</Filter>
    </ClInclude>
    <ClInclude Include="bones\core\encoding.h">
      <Filter>core\base</Filter>
    </ClInclude>
    <ClInclude Include="bones\core\event.h">
      <Filter>core\base</Filter>
    </ClInclude>
    <ClInclude Include="bones\core\event_dispatcher.h">
      <Filter>core\base</Filter>
    </ClInclude>
    <ClInclude Include="bones\core\focus_controller.h">
      <Filter>core\base</Filter>
    </ClInclude>
    <ClInclude Include="bones\core\helper.h">
      <Filter>core\base</Filter>
    </ClInclude>
    <ClInclude Include="bones\core\keyboard_codes.h">
      <Filter>core\base</Filter>
    </ClInclude>
    <ClInclude Include="bones\core\mouse_controller.h">
      <Filter>core\base</Filter>
    </ClInclude>
    <ClInclude Include="bones\core\point.h">
      <Filter>core\base</Filter>
    </ClInclude>
    <ClInclude Include="bones\core\rect.h">
      <Filter>core\base</Filter>
    </ClInclude>
    <ClInclude Include="bones\core\ref.h">
      <Filter>core\base</Filter>
    </ClInclude>
    <ClInclude Include="bones\core\root.h">
      <Filter>core\base</Filter>
    </ClInclude>
    <ClInclude Include="bones\core\size.h">
      <Filter>core\base</Filter>
    </ClInclude>
    <ClInclude Include="bones\core\view.h">
      <Filter>core\base</Filter>
    </ClInclude>
    <ClInclude Include="bones\core\css_types.h">
      <Filter>core\base\css</Filter>
    </ClInclude>
    <ClInclude Include="bones\core\css_utils.h">
      <Filter>core\base\css</Filter>
    </ClInclude>
    <ClInclude Include="bones\core\css_manager.h">
      <Filter>core\base\css</Filter>
    </ClInclude>
    <ClInclude Include="bones\core\xml_controller.h">
      <Filter>core\base\xml</Filter>
    </ClInclude>
    <ClInclude Include="bones\core\image.h">
      <Filter>core\bone\facade</Filter>
    </ClInclude>
    <ClInclude Include="bones\core\shape.h">
      <Filter>core\bone\facade</Filter>
    </ClInclude>
    <ClInclude Include="bones\core\text.h">
      <Filter>core\bone\facade</Filter>
    </ClInclude>
    <ClInclude Include="bones\core\rich_edit.h">
      <Filter>core\bone\naked</Filter>
    </ClInclude>
    <ClInclude Include="bones\core\web_view.h">
      <Filter>core\bone\naked</Filter>
    </ClInclude>
    <ClInclude Include="bones\core\core.h">
      <Filter>core</Filter>
    </ClInclude>
    <ClInclude Include="bones\core\core_imp.h">
      <Filter>core</Filter>
    </ClInclude>
    <ClInclude Include="bones\utils.h">
      <Filter>lua</Filter>
    </ClInclude>
    <ClInclude Include="bones\simple_proxy.h">
      <Filter>lua</Filter>
    </ClInclude>
    <ClInclude Include="bones\core\scroller.h">
      <Filter>core\bone\facade</Filter>
    </ClInclude>
    <ClInclude Include="bones\core\input.h">
      <Filter>core\bone\facade</Filter>
    </ClInclude>
    <ClInclude Include="bones\lua_input.h">
      <Filter>lua\proxy</Filter>
    </ClInclude>
    <ClInclude Include="bones\core\res_manager.h">
      <Filter>core\base</Filter>
    </ClInclude>
    <ClInclude Include="bones\core\root_manager.h">
      <Filter>core\base</Filter>
    </ClInclude>
    <ClInclude Include="bones\binding\script_context.h">
      <Filter>binding</Filter>
    </ClInclude>
    <ClInclude Include="bones\binding\lua_check.h">
      <Filter>binding</Filter>
    </ClInclude>
    <ClInclude Include="bones\binding\lua_utils.h">
      <Filter>binding</Filter>
    </ClInclude>
    <ClInclude Include="bones\helper\logging.h">
      <Filter>helper</Filter>
    </ClInclude>
    <ClInclude Include="bones\binding\path_proxy.h">
      <Filter>binding\proxy</Filter>
    </ClInclude>
    <ClInclude Include="bones\binding\shader_proxy.h">
      <Filter>binding\proxy</Filter>
    </ClInclude>
    <ClInclude Include="bones\binding\engine_context.h">
      <Filter>binding</Filter>
    </ClInclude>
    <ClInclude Include="bones\binding\pixmap_proxy.h">
      <Filter>binding\proxy</Filter>
    </ClInclude>
    <ClInclude Include="bones\binding\resource_proxy.h">
      <Filter>binding\proxy</Filter>
    </ClInclude>
    <ClInclude Include="bones\binding\bitmap.h">
      <Filter>binding\proxy</Filter>
    </ClInclude>
  </ItemGroup>
  <ItemGroup>
    <Filter Include="lua">
      <UniqueIdentifier>{e345b7ae-52c6-43d4-a53d-97a5cf3ccba1}</UniqueIdentifier>
    </Filter>
    <Filter Include="lua\proxy">
      <UniqueIdentifier>{7494eebf-848d-422a-9f5e-97b0867e2157}</UniqueIdentifier>
    </Filter>
    <Filter Include="core">
      <UniqueIdentifier>{979ed158-b0e1-463f-bda1-47ad42fb17ef}</UniqueIdentifier>
    </Filter>
    <Filter Include="core\3rd_ext">
      <UniqueIdentifier>{23ad6405-ba5c-4e05-b1b8-59f909974b01}</UniqueIdentifier>
    </Filter>
    <Filter Include="core\3rd_ext\skia_ext">
      <UniqueIdentifier>{e5d16989-e4d7-417b-936c-8b333871e3cd}</UniqueIdentifier>
    </Filter>
    <Filter Include="core\3rd_ext\xml_ext">
      <UniqueIdentifier>{e91b5415-22ef-4d25-a5ae-4ce63afd0ec9}</UniqueIdentifier>
    </Filter>
    <Filter Include="core\base">
      <UniqueIdentifier>{6d38dc22-fe6d-4a95-80de-0892d81b3c93}</UniqueIdentifier>
    </Filter>
    <Filter Include="core\base\css">
      <UniqueIdentifier>{a1043d6b-26e6-4c18-ae0a-c09a69825916}</UniqueIdentifier>
    </Filter>
    <Filter Include="core\base\xml">
      <UniqueIdentifier>{7c1da072-a557-4632-afd9-374a0dd5f922}</UniqueIdentifier>
    </Filter>
    <Filter Include="core\bone">
      <UniqueIdentifier>{386640ba-9676-4b3c-b643-f1f060017d36}</UniqueIdentifier>
    </Filter>
    <Filter Include="core\bone\facade">
      <UniqueIdentifier>{6671c1b8-2fff-430a-b604-7092e7b41547}</UniqueIdentifier>
    </Filter>
    <Filter Include="core\bone\naked">
      <UniqueIdentifier>{4d3cd88a-f6da-4371-8ad7-012242853d1d}</UniqueIdentifier>
    </Filter>
    <Filter Include="binding">
      <UniqueIdentifier>{4148f676-6d3f-4bf8-b177-85c1e73d7335}</UniqueIdentifier>
    </Filter>
    <Filter Include="helper">
      <UniqueIdentifier>{196baa10-64c5-41f7-941b-d623d39c1c31}</UniqueIdentifier>
    </Filter>
    <Filter Include="binding\proxy">
      <UniqueIdentifier>{e7e05d7a-0967-41f8-b74f-343cdbc90ff1}</UniqueIdentifier>
    </Filter>
  </ItemGroup>
</Project>