<?xml version="1.0" encoding="utf-8"?>
<Project ToolsVersion="4.0" xmlns="http://schemas.microsoft.com/developer/msbuild/2003">
  <ItemGroup>
    <Filter Include="button">
      <UniqueIdentifier>{8e51556b-c066-4d62-8346-bf0e0be2f6aa}</UniqueIdentifier>
    </Filter>
  </ItemGroup>
  <ItemGroup>
    <None Include="sample\test.css" />
    <None Include="sample\test.lua" />
    <None Include="sample\button.css">
      <Filter>button</Filter>
    </None>
    <None Include="sample\button.lua">
      <Filter>button</Filter>
    </None>
  </ItemGroup>
  <ItemGroup>
    <Xml Include="sample\test.xml" />
    <Xml Include="sample\button.xml">
      <Filter>button</Filter>
    </Xml>
  </ItemGroup>
  <ItemGroup>
    <ClCompile Include="sample\main.cpp" />
  </ItemGroup>
</Project>