<?xml version="1.0" encoding="utf-8"?>
<Project ToolsVersion="4.0" xmlns="http://schemas.microsoft.com/developer/msbuild/2003">
  <ItemGroup>
    <Filter Include="animate">
      <UniqueIdentifier>{80e1074e-e66d-404d-ad9e-9535138deb43}</UniqueIdentifier>
    </Filter>
    <Filter Include="scroll">
      <UniqueIdentifier>{26feb3d4-2b2c-4a6b-afd9-61ce934f2a96}</UniqueIdentifier>
    </Filter>
    <Filter Include="list">
      <UniqueIdentifier>{30ca2e45-b8ee-4f60-a39b-48460f698003}</UniqueIdentifier>
    </Filter>
  </ItemGroup>
  <ItemGroup>
    <None Include="sample\test.css" />
    <None Include="sample\animate.lua">
      <Filter>animate</Filter>
    </None>
    <None Include="sample\scrollimg.lua">
      <Filter>scroll</Filter>
    </None>
    <None Include="sample\xml\test.lua" />
    <None Include="sample\xml\tabctrl.lua">
      <Filter>list</Filter>
    </None>
    <None Include="sample\xml\tabitem.lua">
      <Filter>list</Filter>
    </None>
    <None Include="sample\xml\listitem.lua">
      <Filter>list</Filter>
    </None>
    <None Include="sample\xml\listctrl.lua">
      <Filter>list</Filter>
    </None>
    <None Include="sample\xml\scrollbar.lua">
      <Filter>list</Filter>
    </None>
  </ItemGroup>
  <ItemGroup>
    <Xml Include="sample\scrollimg.xml">
      <Filter>scroll</Filter>
    </Xml>
    <Xml Include="sample\xml\test.xml" />
    <Xml Include="sample\xml\tabctrl.xml">
      <Filter>list</Filter>
    </Xml>
    <Xml Include="sample\xml\tabitem.xml">
      <Filter>list</Filter>
    </Xml>
    <Xml Include="sample\xml\listitem.xml">
      <Filter>list</Filter>
    </Xml>
    <Xml Include="sample\xml\listctrl.xml">
      <Filter>list</Filter>
    </Xml>
    <Xml Include="sample\xml\scrollbar.xml">
      <Filter>list</Filter>
    </Xml>
  </ItemGroup>
  <ItemGroup>
    <ClCompile Include="sample\main.cpp" />
    <ClCompile Include="sample\panel.cpp" />
  </ItemGroup>
  <ItemGroup>
    <ClInclude Include="sample\panel.h" />
    <ClInclude Include="sample\utils.h" />
  </ItemGroup>
</Project>